{
  "name": "vector_class",
  "version": "1.0.0",
  "lockfileVersion": 1,
  "requires": true,
  "dependencies": {
    "vector_functions": {
      "version": "1.0.2",
      "resolved": "https://registry.npmjs.org/vector_functions/-/vector_functions-1.0.2.tgz",
      "integrity": "sha512-PtX7IQO21jg5qIkI45se7ipEdOxE/3T0b8u+F+Y1o2MZ6mWcbIWXzYhROeQ8o4ZkIZnMYUxcF6C3cTas+LnXLQ=="
    }
  }
}
